// !$*UTF8*$!
{
	archiveVersion = 1;
	classes = {
	};
	objectVersion = 50;
	objects = {

/* Begin PBXBuildFile section */
		28965C5A4DF3DBB0B4D938ED /* Pods_ZeusApp.framework in Frameworks */ = {isa = PBXBuildFile; fileRef = FF439251C7442548493D07BF /* Pods_ZeusApp.framework */; };
		3309911823E213DA00880CC5 /* AppDelegate.swift in Sources */ = {isa = PBXBuildFile; fileRef = 3309911723E213DA00880CC5 /* AppDelegate.swift */; };
		3309911A23E213DA00880CC5 /* SceneDelegate.swift in Sources */ = {isa = PBXBuildFile; fileRef = 3309911923E213DA00880CC5 /* SceneDelegate.swift */; };
		3309911F23E213DA00880CC5 /* Main.storyboard in Resources */ = {isa = PBXBuildFile; fileRef = 3309911D23E213DA00880CC5 /* Main.storyboard */; };
		3309912123E213DC00880CC5 /* Assets.xcassets in Resources */ = {isa = PBXBuildFile; fileRef = 3309912023E213DC00880CC5 /* Assets.xcassets */; };
		3309912423E213DC00880CC5 /* LaunchScreen.storyboard in Resources */ = {isa = PBXBuildFile; fileRef = 3309912223E213DC00880CC5 /* LaunchScreen.storyboard */; };
		3309913123E24BA800880CC5 /* Stock.swift in Sources */ = {isa = PBXBuildFile; fileRef = 3309913023E24BA800880CC5 /* Stock.swift */; };
		33232DB823F229F600CF722D /* String+extensions.swift in Sources */ = {isa = PBXBuildFile; fileRef = 33232DB723F229F600CF722D /* String+extensions.swift */; };
		33232DBA23F22BBC00CF722D /* Service.swift in Sources */ = {isa = PBXBuildFile; fileRef = 33232DB923F22BBC00CF722D /* Service.swift */; };
		33232DBC23F25CA200CF722D /* Dictionary+extensions.swift in Sources */ = {isa = PBXBuildFile; fileRef = 33232DBB23F25CA200CF722D /* Dictionary+extensions.swift */; };
		332C9B2E23E3CA51002BB57A /* Constants.swift in Sources */ = {isa = PBXBuildFile; fileRef = 332C9B2D23E3CA51002BB57A /* Constants.swift */; };
		333BDE952407091B004AD18C /* UIScrollView+extensions.swift in Sources */ = {isa = PBXBuildFile; fileRef = 333BDE942407091B004AD18C /* UIScrollView+extensions.swift */; };
		334044CD23F1E57200CEA9A9 /* UIButton+extensions.swift in Sources */ = {isa = PBXBuildFile; fileRef = 334044CC23F1E57200CEA9A9 /* UIButton+extensions.swift */; };
		334044D523F1F27800CEA9A9 /* Auth.storyboard in Resources */ = {isa = PBXBuildFile; fileRef = 334044D423F1F27800CEA9A9 /* Auth.storyboard */; };
		334044D723F1F49F00CEA9A9 /* OnboardingVC.swift in Sources */ = {isa = PBXBuildFile; fileRef = 334044D623F1F49F00CEA9A9 /* OnboardingVC.swift */; };
		334044D923F1F4AF00CEA9A9 /* LoginVC.swift in Sources */ = {isa = PBXBuildFile; fileRef = 334044D823F1F4AF00CEA9A9 /* LoginVC.swift */; };
		334044DB23F1F4B800CEA9A9 /* RegisterVC.swift in Sources */ = {isa = PBXBuildFile; fileRef = 334044DA23F1F4B800CEA9A9 /* RegisterVC.swift */; };
		334044DD23F1F69A00CEA9A9 /* UnderlinedTextField.swift in Sources */ = {isa = PBXBuildFile; fileRef = 334044DC23F1F69A00CEA9A9 /* UnderlinedTextField.swift */; };
		334044DF23F1F6B800CEA9A9 /* UnderlinedTextField+extensions.swift in Sources */ = {isa = PBXBuildFile; fileRef = 334044DE23F1F6B800CEA9A9 /* UnderlinedTextField+extensions.swift */; };
		3344297723FB228700F0E345 /* MainTabBarController.swift in Sources */ = {isa = PBXBuildFile; fileRef = 3344297623FB228700F0E345 /* MainTabBarController.swift */; };
		3344297E23FB22CC00F0E345 /* MyStocksVC.swift in Sources */ = {isa = PBXBuildFile; fileRef = 3344297823FB22CB00F0E345 /* MyStocksVC.swift */; };
		3344297F23FB22CC00F0E345 /* StockDetailsVC.swift in Sources */ = {isa = PBXBuildFile; fileRef = 3344297923FB22CC00F0E345 /* StockDetailsVC.swift */; };
		3344298023FB22CC00F0E345 /* RecommendationVC.swift in Sources */ = {isa = PBXBuildFile; fileRef = 3344297A23FB22CC00F0E345 /* RecommendationVC.swift */; };
		3344298123FB22CC00F0E345 /* SettingsVC.swift in Sources */ = {isa = PBXBuildFile; fileRef = 3344297B23FB22CC00F0E345 /* SettingsVC.swift */; };
		3344298223FB22CC00F0E345 /* TrendingVC.swift in Sources */ = {isa = PBXBuildFile; fileRef = 3344297C23FB22CC00F0E345 /* TrendingVC.swift */; };
		3344298323FB22CC00F0E345 /* ProfileVC.swift in Sources */ = {isa = PBXBuildFile; fileRef = 3344297D23FB22CC00F0E345 /* ProfileVC.swift */; };
		3344298623FB23F200F0E345 /* SettingsCell.swift in Sources */ = {isa = PBXBuildFile; fileRef = 3344298523FB23F200F0E345 /* SettingsCell.swift */; };
		334599F123F7C3D3002C13D5 /* UITextField+extensions.swift in Sources */ = {isa = PBXBuildFile; fileRef = 334599F023F7C3D3002C13D5 /* UITextField+extensions.swift */; };
		3361AB35240C4D0C004E9817 /* Page1View.xib in Resources */ = {isa = PBXBuildFile; fileRef = 3361AB34240C4D0C004E9817 /* Page1View.xib */; };
		3361AB37240C4D37004E9817 /* Page1View.swift in Sources */ = {isa = PBXBuildFile; fileRef = 3361AB36240C4D37004E9817 /* Page1View.swift */; };
		3361AB40240C4DA1004E9817 /* Page2View.xib in Resources */ = {isa = PBXBuildFile; fileRef = 3361AB3F240C4DA1004E9817 /* Page2View.xib */; };
		3361AB42240C4DA8004E9817 /* Page2View.swift in Sources */ = {isa = PBXBuildFile; fileRef = 3361AB41240C4DA8004E9817 /* Page2View.swift */; };
		3361AB44240C4DBE004E9817 /* Page3View.swift in Sources */ = {isa = PBXBuildFile; fileRef = 3361AB43240C4DBE004E9817 /* Page3View.swift */; };
		3361AB46240C4DC6004E9817 /* Page3View.xib in Resources */ = {isa = PBXBuildFile; fileRef = 3361AB45240C4DC6004E9817 /* Page3View.xib */; };
		3361AB48240C4DCD004E9817 /* Page4View.xib in Resources */ = {isa = PBXBuildFile; fileRef = 3361AB47240C4DCD004E9817 /* Page4View.xib */; };
		3361AB4A240C4DD3004E9817 /* Page4View.swift in Sources */ = {isa = PBXBuildFile; fileRef = 3361AB49240C4DD3004E9817 /* Page4View.swift */; };
		3361AB4C240C4DDA004E9817 /* Page5View.swift in Sources */ = {isa = PBXBuildFile; fileRef = 3361AB4B240C4DDA004E9817 /* Page5View.swift */; };
		3361AB4E240C4DDF004E9817 /* Page5View.xib in Resources */ = {isa = PBXBuildFile; fileRef = 3361AB4D240C4DDF004E9817 /* Page5View.xib */; };
		3361AB50240C4DE6004E9817 /* Page6View.xib in Resources */ = {isa = PBXBuildFile; fileRef = 3361AB4F240C4DE6004E9817 /* Page6View.xib */; };
		3361AB52240C4DF3004E9817 /* Page6View.swift in Sources */ = {isa = PBXBuildFile; fileRef = 3361AB51240C4DF3004E9817 /* Page6View.swift */; };
		3361AB54240C4DFB004E9817 /* Page7View.swift in Sources */ = {isa = PBXBuildFile; fileRef = 3361AB53240C4DFB004E9817 /* Page7View.swift */; };
		3361AB56240C4E00004E9817 /* Page7View.xib in Resources */ = {isa = PBXBuildFile; fileRef = 3361AB55240C4E00004E9817 /* Page7View.xib */; };
		3361AB58240C4FE7004E9817 /* QuizVC.swift in Sources */ = {isa = PBXBuildFile; fileRef = 3361AB57240C4FE7004E9817 /* QuizVC.swift */; };
		3361AB5A240C878F004E9817 /* UIView+extensions.swift in Sources */ = {isa = PBXBuildFile; fileRef = 3361AB59240C878F004E9817 /* UIView+extensions.swift */; };
		3385A04023FDBE8400879E19 /* SettingsService.swift in Sources */ = {isa = PBXBuildFile; fileRef = 3385A03F23FDBE8400879E19 /* SettingsService.swift */; };
		3385A04B23FE741600879E19 /* DecisionView.swift in Sources */ = {isa = PBXBuildFile; fileRef = 3385A04A23FE741600879E19 /* DecisionView.swift */; };
		3385A04D23FE745C00879E19 /* DecisionView.xib in Resources */ = {isa = PBXBuildFile; fileRef = 3385A04C23FE745C00879E19 /* DecisionView.xib */; };
		3385A05223FF0B8800879E19 /* TransitioningObject.swift in Sources */ = {isa = PBXBuildFile; fileRef = 3385A05123FF0B8800879E19 /* TransitioningObject.swift */; };
		339D771123F48EE300C85169 /* Networking.swift in Sources */ = {isa = PBXBuildFile; fileRef = 339D771023F48EE300C85169 /* Networking.swift */; };
		33A8BFC423ECA01B00056A0F /* UINavigationController+extensions.swift in Sources */ = {isa = PBXBuildFile; fileRef = 33A8BFC323ECA01B00056A0F /* UINavigationController+extensions.swift */; };
		33CA31A423E608A7009AA3DF /* StockCellView.xib in Resources */ = {isa = PBXBuildFile; fileRef = 33CA31A323E608A7009AA3DF /* StockCellView.xib */; };
		33CA31A623E608B6009AA3DF /* StockCellView.swift in Sources */ = {isa = PBXBuildFile; fileRef = 33CA31A523E608B6009AA3DF /* StockCellView.swift */; };
		33CA31A923E6286A009AA3DF /* UIColor+extensions.swift in Sources */ = {isa = PBXBuildFile; fileRef = 33CA31A823E6286A009AA3DF /* UIColor+extensions.swift */; };
		33CA31AE23E6444D009AA3DF /* StockCell.swift in Sources */ = {isa = PBXBuildFile; fileRef = 33CA31AC23E6444D009AA3DF /* StockCell.swift */; };
		33CA31AF23E6444D009AA3DF /* StockCell.xib in Resources */ = {isa = PBXBuildFile; fileRef = 33CA31AD23E6444D009AA3DF /* StockCell.xib */; };
		33CA31B823E8AB56009AA3DF /* UILayoutGuide+extensions.swift in Sources */ = {isa = PBXBuildFile; fileRef = 33CA31B723E8AB56009AA3DF /* UILayoutGuide+extensions.swift */; };
		33CA31BA23E8AC2D009AA3DF /* StockDescriptionView.swift in Sources */ = {isa = PBXBuildFile; fileRef = 33CA31B923E8AC2D009AA3DF /* StockDescriptionView.swift */; };
		33CA31BC23E8AC48009AA3DF /* StockDescriptionView.xib in Resources */ = {isa = PBXBuildFile; fileRef = 33CA31BB23E8AC48009AA3DF /* StockDescriptionView.xib */; };
		33EC1D86240344EF00B92645 /* User.swift in Sources */ = {isa = PBXBuildFile; fileRef = 33EC1D85240344EF00B92645 /* User.swift */; };
/* End PBXBuildFile section */

/* Begin PBXFileReference section */
		3309911423E213DA00880CC5 /* ZeusApp.app */ = {isa = PBXFileReference; explicitFileType = wrapper.application; includeInIndex = 0; path = ZeusApp.app; sourceTree = BUILT_PRODUCTS_DIR; };
		3309911723E213DA00880CC5 /* AppDelegate.swift */ = {isa = PBXFileReference; lastKnownFileType = sourcecode.swift; path = AppDelegate.swift; sourceTree = "<group>"; };
		3309911923E213DA00880CC5 /* SceneDelegate.swift */ = {isa = PBXFileReference; lastKnownFileType = sourcecode.swift; path = SceneDelegate.swift; sourceTree = "<group>"; };
		3309911E23E213DA00880CC5 /* Base */ = {isa = PBXFileReference; lastKnownFileType = file.storyboard; name = Base; path = Base.lproj/Main.storyboard; sourceTree = "<group>"; };
		3309912023E213DC00880CC5 /* Assets.xcassets */ = {isa = PBXFileReference; lastKnownFileType = folder.assetcatalog; path = Assets.xcassets; sourceTree = "<group>"; };
		3309912323E213DC00880CC5 /* Base */ = {isa = PBXFileReference; lastKnownFileType = file.storyboard; name = Base; path = Base.lproj/LaunchScreen.storyboard; sourceTree = "<group>"; };
		3309912523E213DC00880CC5 /* Info.plist */ = {isa = PBXFileReference; lastKnownFileType = text.plist.xml; path = Info.plist; sourceTree = "<group>"; };
		3309913023E24BA800880CC5 /* Stock.swift */ = {isa = PBXFileReference; lastKnownFileType = sourcecode.swift; path = Stock.swift; sourceTree = "<group>"; };
		33232DB723F229F600CF722D /* String+extensions.swift */ = {isa = PBXFileReference; lastKnownFileType = sourcecode.swift; path = "String+extensions.swift"; sourceTree = "<group>"; };
		33232DB923F22BBC00CF722D /* Service.swift */ = {isa = PBXFileReference; lastKnownFileType = sourcecode.swift; path = Service.swift; sourceTree = "<group>"; };
		33232DBB23F25CA200CF722D /* Dictionary+extensions.swift */ = {isa = PBXFileReference; lastKnownFileType = sourcecode.swift; path = "Dictionary+extensions.swift"; sourceTree = "<group>"; };
		332C9B2D23E3CA51002BB57A /* Constants.swift */ = {isa = PBXFileReference; lastKnownFileType = sourcecode.swift; path = Constants.swift; sourceTree = "<group>"; };
		333BDE942407091B004AD18C /* UIScrollView+extensions.swift */ = {isa = PBXFileReference; fileEncoding = 4; lastKnownFileType = sourcecode.swift; path = "UIScrollView+extensions.swift"; sourceTree = "<group>"; };
		334044CC23F1E57200CEA9A9 /* UIButton+extensions.swift */ = {isa = PBXFileReference; lastKnownFileType = sourcecode.swift; path = "UIButton+extensions.swift"; sourceTree = "<group>"; };
		334044D423F1F27800CEA9A9 /* Auth.storyboard */ = {isa = PBXFileReference; lastKnownFileType = file.storyboard; path = Auth.storyboard; sourceTree = "<group>"; };
		334044D623F1F49F00CEA9A9 /* OnboardingVC.swift */ = {isa = PBXFileReference; lastKnownFileType = sourcecode.swift; path = OnboardingVC.swift; sourceTree = "<group>"; };
		334044D823F1F4AF00CEA9A9 /* LoginVC.swift */ = {isa = PBXFileReference; lastKnownFileType = sourcecode.swift; path = LoginVC.swift; sourceTree = "<group>"; };
		334044DA23F1F4B800CEA9A9 /* RegisterVC.swift */ = {isa = PBXFileReference; lastKnownFileType = sourcecode.swift; path = RegisterVC.swift; sourceTree = "<group>"; };
		334044DC23F1F69A00CEA9A9 /* UnderlinedTextField.swift */ = {isa = PBXFileReference; lastKnownFileType = sourcecode.swift; path = UnderlinedTextField.swift; sourceTree = "<group>"; };
		334044DE23F1F6B800CEA9A9 /* UnderlinedTextField+extensions.swift */ = {isa = PBXFileReference; lastKnownFileType = sourcecode.swift; path = "UnderlinedTextField+extensions.swift"; sourceTree = "<group>"; };
		3344297623FB228700F0E345 /* MainTabBarController.swift */ = {isa = PBXFileReference; fileEncoding = 4; lastKnownFileType = sourcecode.swift; path = MainTabBarController.swift; sourceTree = "<group>"; };
		3344297823FB22CB00F0E345 /* MyStocksVC.swift */ = {isa = PBXFileReference; fileEncoding = 4; lastKnownFileType = sourcecode.swift; path = MyStocksVC.swift; sourceTree = "<group>"; };
		3344297923FB22CC00F0E345 /* StockDetailsVC.swift */ = {isa = PBXFileReference; fileEncoding = 4; lastKnownFileType = sourcecode.swift; path = StockDetailsVC.swift; sourceTree = "<group>"; };
		3344297A23FB22CC00F0E345 /* RecommendationVC.swift */ = {isa = PBXFileReference; fileEncoding = 4; lastKnownFileType = sourcecode.swift; path = RecommendationVC.swift; sourceTree = "<group>"; };
		3344297B23FB22CC00F0E345 /* SettingsVC.swift */ = {isa = PBXFileReference; fileEncoding = 4; lastKnownFileType = sourcecode.swift; path = SettingsVC.swift; sourceTree = "<group>"; };
		3344297C23FB22CC00F0E345 /* TrendingVC.swift */ = {isa = PBXFileReference; fileEncoding = 4; lastKnownFileType = sourcecode.swift; path = TrendingVC.swift; sourceTree = "<group>"; };
		3344297D23FB22CC00F0E345 /* ProfileVC.swift */ = {isa = PBXFileReference; fileEncoding = 4; lastKnownFileType = sourcecode.swift; path = ProfileVC.swift; sourceTree = "<group>"; };
		3344298523FB23F200F0E345 /* SettingsCell.swift */ = {isa = PBXFileReference; lastKnownFileType = sourcecode.swift; path = SettingsCell.swift; sourceTree = "<group>"; };
		334599F023F7C3D3002C13D5 /* UITextField+extensions.swift */ = {isa = PBXFileReference; lastKnownFileType = sourcecode.swift; path = "UITextField+extensions.swift"; sourceTree = "<group>"; };
		3361AB34240C4D0C004E9817 /* Page1View.xib */ = {isa = PBXFileReference; lastKnownFileType = file.xib; path = Page1View.xib; sourceTree = "<group>"; };
		3361AB36240C4D37004E9817 /* Page1View.swift */ = {isa = PBXFileReference; lastKnownFileType = sourcecode.swift; path = Page1View.swift; sourceTree = "<group>"; };
		3361AB3F240C4DA1004E9817 /* Page2View.xib */ = {isa = PBXFileReference; lastKnownFileType = file.xib; path = Page2View.xib; sourceTree = "<group>"; };
		3361AB41240C4DA8004E9817 /* Page2View.swift */ = {isa = PBXFileReference; lastKnownFileType = sourcecode.swift; path = Page2View.swift; sourceTree = "<group>"; };
		3361AB43240C4DBE004E9817 /* Page3View.swift */ = {isa = PBXFileReference; lastKnownFileType = sourcecode.swift; path = Page3View.swift; sourceTree = "<group>"; };
		3361AB45240C4DC6004E9817 /* Page3View.xib */ = {isa = PBXFileReference; lastKnownFileType = file.xib; path = Page3View.xib; sourceTree = "<group>"; };
		3361AB47240C4DCD004E9817 /* Page4View.xib */ = {isa = PBXFileReference; lastKnownFileType = file.xib; path = Page4View.xib; sourceTree = "<group>"; };
		3361AB49240C4DD3004E9817 /* Page4View.swift */ = {isa = PBXFileReference; lastKnownFileType = sourcecode.swift; path = Page4View.swift; sourceTree = "<group>"; };
		3361AB4B240C4DDA004E9817 /* Page5View.swift */ = {isa = PBXFileReference; lastKnownFileType = sourcecode.swift; path = Page5View.swift; sourceTree = "<group>"; };
		3361AB4D240C4DDF004E9817 /* Page5View.xib */ = {isa = PBXFileReference; lastKnownFileType = file.xib; path = Page5View.xib; sourceTree = "<group>"; };
		3361AB4F240C4DE6004E9817 /* Page6View.xib */ = {isa = PBXFileReference; lastKnownFileType = file.xib; path = Page6View.xib; sourceTree = "<group>"; };
		3361AB51240C4DF3004E9817 /* Page6View.swift */ = {isa = PBXFileReference; lastKnownFileType = sourcecode.swift; path = Page6View.swift; sourceTree = "<group>"; };
		3361AB53240C4DFB004E9817 /* Page7View.swift */ = {isa = PBXFileReference; lastKnownFileType = sourcecode.swift; path = Page7View.swift; sourceTree = "<group>"; };
		3361AB55240C4E00004E9817 /* Page7View.xib */ = {isa = PBXFileReference; lastKnownFileType = file.xib; path = Page7View.xib; sourceTree = "<group>"; };
		3361AB57240C4FE7004E9817 /* QuizVC.swift */ = {isa = PBXFileReference; lastKnownFileType = sourcecode.swift; path = QuizVC.swift; sourceTree = "<group>"; };
		3361AB59240C878F004E9817 /* UIView+extensions.swift */ = {isa = PBXFileReference; lastKnownFileType = sourcecode.swift; path = "UIView+extensions.swift"; sourceTree = "<group>"; };
		3385A03F23FDBE8400879E19 /* SettingsService.swift */ = {isa = PBXFileReference; lastKnownFileType = sourcecode.swift; path = SettingsService.swift; sourceTree = "<group>"; };
		3385A04A23FE741600879E19 /* DecisionView.swift */ = {isa = PBXFileReference; lastKnownFileType = sourcecode.swift; path = DecisionView.swift; sourceTree = "<group>"; };
		3385A04C23FE745C00879E19 /* DecisionView.xib */ = {isa = PBXFileReference; lastKnownFileType = file.xib; path = DecisionView.xib; sourceTree = "<group>"; };
		3385A05123FF0B8800879E19 /* TransitioningObject.swift */ = {isa = PBXFileReference; lastKnownFileType = sourcecode.swift; path = TransitioningObject.swift; sourceTree = "<group>"; };
		339D771023F48EE300C85169 /* Networking.swift */ = {isa = PBXFileReference; lastKnownFileType = sourcecode.swift; path = Networking.swift; sourceTree = "<group>"; };
		33A8BFC323ECA01B00056A0F /* UINavigationController+extensions.swift */ = {isa = PBXFileReference; lastKnownFileType = sourcecode.swift; path = "UINavigationController+extensions.swift"; sourceTree = "<group>"; };
		33CA31A323E608A7009AA3DF /* StockCellView.xib */ = {isa = PBXFileReference; lastKnownFileType = file.xib; path = StockCellView.xib; sourceTree = "<group>"; };
		33CA31A523E608B6009AA3DF /* StockCellView.swift */ = {isa = PBXFileReference; lastKnownFileType = sourcecode.swift; path = StockCellView.swift; sourceTree = "<group>"; };
		33CA31A823E6286A009AA3DF /* UIColor+extensions.swift */ = {isa = PBXFileReference; lastKnownFileType = sourcecode.swift; path = "UIColor+extensions.swift"; sourceTree = "<group>"; };
		33CA31AC23E6444D009AA3DF /* StockCell.swift */ = {isa = PBXFileReference; lastKnownFileType = sourcecode.swift; path = StockCell.swift; sourceTree = "<group>"; };
		33CA31AD23E6444D009AA3DF /* StockCell.xib */ = {isa = PBXFileReference; lastKnownFileType = file.xib; path = StockCell.xib; sourceTree = "<group>"; };
		33CA31B723E8AB56009AA3DF /* UILayoutGuide+extensions.swift */ = {isa = PBXFileReference; lastKnownFileType = sourcecode.swift; path = "UILayoutGuide+extensions.swift"; sourceTree = "<group>"; };
		33CA31B923E8AC2D009AA3DF /* StockDescriptionView.swift */ = {isa = PBXFileReference; lastKnownFileType = sourcecode.swift; path = StockDescriptionView.swift; sourceTree = "<group>"; };
		33CA31BB23E8AC48009AA3DF /* StockDescriptionView.xib */ = {isa = PBXFileReference; lastKnownFileType = file.xib; path = StockDescriptionView.xib; sourceTree = "<group>"; };
		33EC1D85240344EF00B92645 /* User.swift */ = {isa = PBXFileReference; lastKnownFileType = sourcecode.swift; path = User.swift; sourceTree = "<group>"; };
		B4F256AEDE0F2881E9A8CF95 /* Pods-ZeusApp.release.xcconfig */ = {isa = PBXFileReference; includeInIndex = 1; lastKnownFileType = text.xcconfig; name = "Pods-ZeusApp.release.xcconfig"; path = "Pods/Target Support Files/Pods-ZeusApp/Pods-ZeusApp.release.xcconfig"; sourceTree = "<group>"; };
		D358281AD3236C67DFA9AAA5 /* Pods-ZeusApp.debug.xcconfig */ = {isa = PBXFileReference; includeInIndex = 1; lastKnownFileType = text.xcconfig; name = "Pods-ZeusApp.debug.xcconfig"; path = "Pods/Target Support Files/Pods-ZeusApp/Pods-ZeusApp.debug.xcconfig"; sourceTree = "<group>"; };
		FF439251C7442548493D07BF /* Pods_ZeusApp.framework */ = {isa = PBXFileReference; explicitFileType = wrapper.framework; includeInIndex = 0; path = Pods_ZeusApp.framework; sourceTree = BUILT_PRODUCTS_DIR; };
/* End PBXFileReference section */

/* Begin PBXFrameworksBuildPhase section */
		3309911123E213DA00880CC5 /* Frameworks */ = {
			isa = PBXFrameworksBuildPhase;
			buildActionMask = 2147483647;
			files = (
				28965C5A4DF3DBB0B4D938ED /* Pods_ZeusApp.framework in Frameworks */,
			);
			runOnlyForDeploymentPostprocessing = 0;
		};
/* End PBXFrameworksBuildPhase section */

/* Begin PBXGroup section */
		05EF12804489082F92851019 /* Frameworks */ = {
			isa = PBXGroup;
			children = (
				FF439251C7442548493D07BF /* Pods_ZeusApp.framework */,
			);
			name = Frameworks;
			sourceTree = "<group>";
		};
		2E4D7EF449DECF22CD68C561 /* Pods */ = {
			isa = PBXGroup;
			children = (
				D358281AD3236C67DFA9AAA5 /* Pods-ZeusApp.debug.xcconfig */,
				B4F256AEDE0F2881E9A8CF95 /* Pods-ZeusApp.release.xcconfig */,
			);
			name = Pods;
			sourceTree = "<group>";
		};
		3309910B23E213DA00880CC5 = {
			isa = PBXGroup;
			children = (
				3309911623E213DA00880CC5 /* ZeusApp */,
				3309911523E213DA00880CC5 /* Products */,
				2E4D7EF449DECF22CD68C561 /* Pods */,
				05EF12804489082F92851019 /* Frameworks */,
			);
			sourceTree = "<group>";
		};
		3309911523E213DA00880CC5 /* Products */ = {
			isa = PBXGroup;
			children = (
				3309911423E213DA00880CC5 /* ZeusApp.app */,
			);
			name = Products;
			sourceTree = "<group>";
		};
		3309911623E213DA00880CC5 /* ZeusApp */ = {
			isa = PBXGroup;
			children = (
				3309911723E213DA00880CC5 /* AppDelegate.swift */,
				3309911923E213DA00880CC5 /* SceneDelegate.swift */,
				3361AB31240C4597004E9817 /* Quiz */,
				334044CF23F1EE9500CEA9A9 /* Auth */,
				3309911D23E213DA00880CC5 /* Main.storyboard */,
				3309912B23E24AB800880CC5 /* Controllers */,
				3309912C23E24AEE00880CC5 /* Models */,
				3309912D23E24AF400880CC5 /* Views */,
				3309912E23E24B0B00880CC5 /* Helpers */,
				3309912023E213DC00880CC5 /* Assets.xcassets */,
				3309912223E213DC00880CC5 /* LaunchScreen.storyboard */,
				3309912523E213DC00880CC5 /* Info.plist */,
			);
			path = ZeusApp;
			sourceTree = "<group>";
		};
		3309912B23E24AB800880CC5 /* Controllers */ = {
			isa = PBXGroup;
			children = (
				33CA31CA23EA1DA6009AA3DF /* TabBarController */,
				3344297C23FB22CC00F0E345 /* TrendingVC.swift */,
				3344297A23FB22CC00F0E345 /* RecommendationVC.swift */,
				3344297823FB22CB00F0E345 /* MyStocksVC.swift */,
				3344297D23FB22CC00F0E345 /* ProfileVC.swift */,
				3344298423FB230E00F0E345 /* SecondaryControllers */,
			);
			path = Controllers;
			sourceTree = "<group>";
		};
		3309912C23E24AEE00880CC5 /* Models */ = {
			isa = PBXGroup;
			children = (
				3309913023E24BA800880CC5 /* Stock.swift */,
				33EC1D85240344EF00B92645 /* User.swift */,
			);
			path = Models;
			sourceTree = "<group>";
		};
		3309912D23E24AF400880CC5 /* Views */ = {
			isa = PBXGroup;
			children = (
				3344298523FB23F200F0E345 /* SettingsCell.swift */,
				33CA31B023E64471009AA3DF /* StockCell */,
				33CA31A723E6098B009AA3DF /* StockCellView-Dropdown */,
				3385A04923FE73EB00879E19 /* StopDescriptionView */,
				3385A04A23FE741600879E19 /* DecisionView.swift */,
				3385A04C23FE745C00879E19 /* DecisionView.xib */,
			);
			path = Views;
			sourceTree = "<group>";
		};
		3309912E23E24B0B00880CC5 /* Helpers */ = {
			isa = PBXGroup;
			children = (
				332C9B2D23E3CA51002BB57A /* Constants.swift */,
				33232DB923F22BBC00CF722D /* Service.swift */,
				3385A03F23FDBE8400879E19 /* SettingsService.swift */,
				3309912F23E24B1000880CC5 /* Extensions */,
			);
			path = Helpers;
			sourceTree = "<group>";
		};
		3309912F23E24B1000880CC5 /* Extensions */ = {
			isa = PBXGroup;
			children = (
				333BDE942407091B004AD18C /* UIScrollView+extensions.swift */,
				33CA31A823E6286A009AA3DF /* UIColor+extensions.swift */,
				33CA31B723E8AB56009AA3DF /* UILayoutGuide+extensions.swift */,
				3361AB59240C878F004E9817 /* UIView+extensions.swift */,
				33A8BFC323ECA01B00056A0F /* UINavigationController+extensions.swift */,
				334044CC23F1E57200CEA9A9 /* UIButton+extensions.swift */,
				33232DB723F229F600CF722D /* String+extensions.swift */,
				33232DBB23F25CA200CF722D /* Dictionary+extensions.swift */,
				334599F023F7C3D3002C13D5 /* UITextField+extensions.swift */,
			);
			path = Extensions;
			sourceTree = "<group>";
		};
		334044CF23F1EE9500CEA9A9 /* Auth */ = {
			isa = PBXGroup;
			children = (
				334044D423F1F27800CEA9A9 /* Auth.storyboard */,
				334044D023F1EEA700CEA9A9 /* Controllers */,
				334044D223F1EF9C00CEA9A9 /* Models */,
				334044D123F1EF8B00CEA9A9 /* Views */,
				334044D323F1EFA600CEA9A9 /* Networking */,
			);
			path = Auth;
			sourceTree = "<group>";
		};
		334044D023F1EEA700CEA9A9 /* Controllers */ = {
			isa = PBXGroup;
			children = (
				334044D823F1F4AF00CEA9A9 /* LoginVC.swift */,
				334044DA23F1F4B800CEA9A9 /* RegisterVC.swift */,
				334044D623F1F49F00CEA9A9 /* OnboardingVC.swift */,
			);
			path = Controllers;
			sourceTree = "<group>";
		};
		334044D123F1EF8B00CEA9A9 /* Views */ = {
			isa = PBXGroup;
			children = (
				334044E023F1F74800CEA9A9 /* UnderlinedTextField */,
			);
			path = Views;
			sourceTree = "<group>";
		};
		334044D223F1EF9C00CEA9A9 /* Models */ = {
			isa = PBXGroup;
			children = (
				339D771023F48EE300C85169 /* Networking.swift */,
			);
			path = Models;
			sourceTree = "<group>";
		};
		334044D323F1EFA600CEA9A9 /* Networking */ = {
			isa = PBXGroup;
			children = (
			);
			path = Networking;
			sourceTree = "<group>";
		};
		334044E023F1F74800CEA9A9 /* UnderlinedTextField */ = {
			isa = PBXGroup;
			children = (
				334044DC23F1F69A00CEA9A9 /* UnderlinedTextField.swift */,
				334044DE23F1F6B800CEA9A9 /* UnderlinedTextField+extensions.swift */,
			);
			path = UnderlinedTextField;
			sourceTree = "<group>";
		};
		3344298423FB230E00F0E345 /* SecondaryControllers */ = {
			isa = PBXGroup;
			children = (
				3344297B23FB22CC00F0E345 /* SettingsVC.swift */,
				3344297923FB22CC00F0E345 /* StockDetailsVC.swift */,
			);
			path = SecondaryControllers;
			sourceTree = "<group>";
		};
		3361AB31240C4597004E9817 /* Quiz */ = {
			isa = PBXGroup;
			children = (
				3361AB57240C4FE7004E9817 /* QuizVC.swift */,
				3361AB38240C4D41004E9817 /* Page1 */,
				3361AB39240C4D63004E9817 /* Page2 */,
				3361AB3A240C4D69004E9817 /* Page3 */,
				3361AB3B240C4D6E004E9817 /* Page4 */,
				3361AB3C240C4D73004E9817 /* Page5 */,
				3361AB3D240C4D79004E9817 /* Page6 */,
				3361AB3E240C4D7F004E9817 /* Page7 */,
			);
			path = Quiz;
			sourceTree = "<group>";
		};
		3361AB38240C4D41004E9817 /* Page1 */ = {
			isa = PBXGroup;
			children = (
				3361AB34240C4D0C004E9817 /* Page1View.xib */,
				3361AB36240C4D37004E9817 /* Page1View.swift */,
			);
			path = Page1;
			sourceTree = "<group>";
		};
		3361AB39240C4D63004E9817 /* Page2 */ = {
			isa = PBXGroup;
			children = (
				3361AB3F240C4DA1004E9817 /* Page2View.xib */,
				3361AB41240C4DA8004E9817 /* Page2View.swift */,
			);
			path = Page2;
			sourceTree = "<group>";
		};
		3361AB3A240C4D69004E9817 /* Page3 */ = {
			isa = PBXGroup;
			children = (
				3361AB45240C4DC6004E9817 /* Page3View.xib */,
				3361AB43240C4DBE004E9817 /* Page3View.swift */,
			);
			path = Page3;
			sourceTree = "<group>";
		};
		3361AB3B240C4D6E004E9817 /* Page4 */ = {
			isa = PBXGroup;
			children = (
				3361AB47240C4DCD004E9817 /* Page4View.xib */,
				3361AB49240C4DD3004E9817 /* Page4View.swift */,
			);
			path = Page4;
			sourceTree = "<group>";
		};
		3361AB3C240C4D73004E9817 /* Page5 */ = {
			isa = PBXGroup;
			children = (
				3361AB4D240C4DDF004E9817 /* Page5View.xib */,
				3361AB4B240C4DDA004E9817 /* Page5View.swift */,
			);
			path = Page5;
			sourceTree = "<group>";
		};
		3361AB3D240C4D79004E9817 /* Page6 */ = {
			isa = PBXGroup;
			children = (
				3361AB4F240C4DE6004E9817 /* Page6View.xib */,
				3361AB51240C4DF3004E9817 /* Page6View.swift */,
			);
			path = Page6;
			sourceTree = "<group>";
		};
		3361AB3E240C4D7F004E9817 /* Page7 */ = {
			isa = PBXGroup;
			children = (
				3361AB55240C4E00004E9817 /* Page7View.xib */,
				3361AB53240C4DFB004E9817 /* Page7View.swift */,
			);
			path = Page7;
			sourceTree = "<group>";
		};
		3385A04923FE73EB00879E19 /* StopDescriptionView */ = {
			isa = PBXGroup;
			children = (
				33CA31B923E8AC2D009AA3DF /* StockDescriptionView.swift */,
				33CA31BB23E8AC48009AA3DF /* StockDescriptionView.xib */,
			);
			path = StopDescriptionView;
			sourceTree = "<group>";
		};
		33CA31A723E6098B009AA3DF /* StockCellView-Dropdown */ = {
			isa = PBXGroup;
			children = (
				33CA31A323E608A7009AA3DF /* StockCellView.xib */,
				33CA31A523E608B6009AA3DF /* StockCellView.swift */,
			);
			path = "StockCellView-Dropdown";
			sourceTree = "<group>";
		};
		33CA31B023E64471009AA3DF /* StockCell */ = {
			isa = PBXGroup;
			children = (
				33CA31AC23E6444D009AA3DF /* StockCell.swift */,
				33CA31AD23E6444D009AA3DF /* StockCell.xib */,
			);
			path = StockCell;
			sourceTree = "<group>";
		};
		33CA31CA23EA1DA6009AA3DF /* TabBarController */ = {
			isa = PBXGroup;
			children = (
				3344297623FB228700F0E345 /* MainTabBarController.swift */,
				3385A05123FF0B8800879E19 /* TransitioningObject.swift */,
			);
			path = TabBarController;
			sourceTree = "<group>";
		};
/* End PBXGroup section */

/* Begin PBXNativeTarget section */
		3309911323E213DA00880CC5 /* ZeusApp */ = {
			isa = PBXNativeTarget;
			buildConfigurationList = 3309912823E213DC00880CC5 /* Build configuration list for PBXNativeTarget "ZeusApp" */;
			buildPhases = (
				FBD1ED5BA721759B3AA14657 /* [CP] Check Pods Manifest.lock */,
				3309911023E213DA00880CC5 /* Sources */,
				3309911123E213DA00880CC5 /* Frameworks */,
				3309911223E213DA00880CC5 /* Resources */,
				502CA25FB91C349AF006863C /* [CP] Embed Pods Frameworks */,
			);
			buildRules = (
			);
			dependencies = (
			);
			name = ZeusApp;
			productName = ZeusApp;
			productReference = 3309911423E213DA00880CC5 /* ZeusApp.app */;
			productType = "com.apple.product-type.application";
		};
/* End PBXNativeTarget section */

/* Begin PBXProject section */
		3309910C23E213DA00880CC5 /* Project object */ = {
			isa = PBXProject;
			attributes = {
				LastSwiftUpdateCheck = 1130;
				LastUpgradeCheck = 1130;
				ORGANIZATIONNAME = SamuelFolledo;
				TargetAttributes = {
					3309911323E213DA00880CC5 = {
						CreatedOnToolsVersion = 11.3.1;
					};
				};
			};
			buildConfigurationList = 3309910F23E213DA00880CC5 /* Build configuration list for PBXProject "ZeusApp" */;
			compatibilityVersion = "Xcode 9.3";
			developmentRegion = en;
			hasScannedForEncodings = 0;
			knownRegions = (
				en,
				Base,
			);
			mainGroup = 3309910B23E213DA00880CC5;
			productRefGroup = 3309911523E213DA00880CC5 /* Products */;
			projectDirPath = "";
			projectRoot = "";
			targets = (
				3309911323E213DA00880CC5 /* ZeusApp */,
			);
		};
/* End PBXProject section */

/* Begin PBXResourcesBuildPhase section */
		3309911223E213DA00880CC5 /* Resources */ = {
			isa = PBXResourcesBuildPhase;
			buildActionMask = 2147483647;
			files = (
				3361AB4E240C4DDF004E9817 /* Page5View.xib in Resources */,
				3361AB48240C4DCD004E9817 /* Page4View.xib in Resources */,
				3309912423E213DC00880CC5 /* LaunchScreen.storyboard in Resources */,
				33CA31A423E608A7009AA3DF /* StockCellView.xib in Resources */,
				3385A04D23FE745C00879E19 /* DecisionView.xib in Resources */,
				33CA31AF23E6444D009AA3DF /* StockCell.xib in Resources */,
				3361AB35240C4D0C004E9817 /* Page1View.xib in Resources */,
				3309912123E213DC00880CC5 /* Assets.xcassets in Resources */,
				3361AB46240C4DC6004E9817 /* Page3View.xib in Resources */,
				3361AB50240C4DE6004E9817 /* Page6View.xib in Resources */,
				33CA31BC23E8AC48009AA3DF /* StockDescriptionView.xib in Resources */,
				3309911F23E213DA00880CC5 /* Main.storyboard in Resources */,
				334044D523F1F27800CEA9A9 /* Auth.storyboard in Resources */,
				3361AB56240C4E00004E9817 /* Page7View.xib in Resources */,
				3361AB40240C4DA1004E9817 /* Page2View.xib in Resources */,
			);
			runOnlyForDeploymentPostprocessing = 0;
		};
/* End PBXResourcesBuildPhase section */

/* Begin PBXShellScriptBuildPhase section */
		502CA25FB91C349AF006863C /* [CP] Embed Pods Frameworks */ = {
			isa = PBXShellScriptBuildPhase;
			buildActionMask = 2147483647;
			files = (
			);
			inputPaths = (
				"${SRCROOT}/Pods/Target Support Files/Pods-ZeusApp/Pods-ZeusApp-frameworks.sh",
				"${BUILT_PRODUCTS_DIR}/Charts/Charts.framework",
			);
			name = "[CP] Embed Pods Frameworks";
			outputPaths = (
				"${TARGET_BUILD_DIR}/${FRAMEWORKS_FOLDER_PATH}/Charts.framework",
			);
			runOnlyForDeploymentPostprocessing = 0;
			shellPath = /bin/sh;
			shellScript = "\"${SRCROOT}/Pods/Target Support Files/Pods-ZeusApp/Pods-ZeusApp-frameworks.sh\"\n";
			showEnvVarsInLog = 0;
		};
		FBD1ED5BA721759B3AA14657 /* [CP] Check Pods Manifest.lock */ = {
			isa = PBXShellScriptBuildPhase;
			buildActionMask = 2147483647;
			files = (
			);
			inputPaths = (
				"${PODS_PODFILE_DIR_PATH}/Podfile.lock",
				"${PODS_ROOT}/Manifest.lock",
			);
			name = "[CP] Check Pods Manifest.lock";
			outputPaths = (
				"$(DERIVED_FILE_DIR)/Pods-ZeusApp-checkManifestLockResult.txt",
			);
			runOnlyForDeploymentPostprocessing = 0;
			shellPath = /bin/sh;
			shellScript = "diff \"${PODS_PODFILE_DIR_PATH}/Podfile.lock\" \"${PODS_ROOT}/Manifest.lock\" > /dev/null\nif [ $? != 0 ] ; then\n    # print error to STDERR\n    echo \"error: The sandbox is not in sync with the Podfile.lock. Run 'pod install' or update your CocoaPods installation.\" >&2\n    exit 1\nfi\n# This output is used by Xcode 'outputs' to avoid re-running this script phase.\necho \"SUCCESS\" > \"${SCRIPT_OUTPUT_FILE_0}\"\n";
			showEnvVarsInLog = 0;
		};
/* End PBXShellScriptBuildPhase section */

/* Begin PBXSourcesBuildPhase section */
		3309911023E213DA00880CC5 /* Sources */ = {
			isa = PBXSourcesBuildPhase;
			buildActionMask = 2147483647;
			files = (
				3385A04023FDBE8400879E19 /* SettingsService.swift in Sources */,
				3361AB58240C4FE7004E9817 /* QuizVC.swift in Sources */,
				339D771123F48EE300C85169 /* Networking.swift in Sources */,
				334044D723F1F49F00CEA9A9 /* OnboardingVC.swift in Sources */,
				3309911823E213DA00880CC5 /* AppDelegate.swift in Sources */,
				33232DBC23F25CA200CF722D /* Dictionary+extensions.swift in Sources */,
				333BDE952407091B004AD18C /* UIScrollView+extensions.swift in Sources */,
				334044D923F1F4AF00CEA9A9 /* LoginVC.swift in Sources */,
				33232DB823F229F600CF722D /* String+extensions.swift in Sources */,
				334044CD23F1E57200CEA9A9 /* UIButton+extensions.swift in Sources */,
				3309913123E24BA800880CC5 /* Stock.swift in Sources */,
				3344297723FB228700F0E345 /* MainTabBarController.swift in Sources */,
				332C9B2E23E3CA51002BB57A /* Constants.swift in Sources */,
				334044DB23F1F4B800CEA9A9 /* RegisterVC.swift in Sources */,
				3385A04B23FE741600879E19 /* DecisionView.swift in Sources */,
				334044DD23F1F69A00CEA9A9 /* UnderlinedTextField.swift in Sources */,
				334044DF23F1F6B800CEA9A9 /* UnderlinedTextField+extensions.swift in Sources */,
				3344298123FB22CC00F0E345 /* SettingsVC.swift in Sources */,
				3361AB52240C4DF3004E9817 /* Page6View.swift in Sources */,
				3361AB4A240C4DD3004E9817 /* Page4View.swift in Sources */,
				3361AB42240C4DA8004E9817 /* Page2View.swift in Sources */,
				33CA31A923E6286A009AA3DF /* UIColor+extensions.swift in Sources */,
				33CA31AE23E6444D009AA3DF /* StockCell.swift in Sources */,
				3344298323FB22CC00F0E345 /* ProfileVC.swift in Sources */,
				3344298623FB23F200F0E345 /* SettingsCell.swift in Sources */,
				3385A05223FF0B8800879E19 /* TransitioningObject.swift in Sources */,
				3344298223FB22CC00F0E345 /* TrendingVC.swift in Sources */,
				33CA31A623E608B6009AA3DF /* StockCellView.swift in Sources */,
				3309911A23E213DA00880CC5 /* SceneDelegate.swift in Sources */,
				33232DBA23F22BBC00CF722D /* Service.swift in Sources */,
				3361AB4C240C4DDA004E9817 /* Page5View.swift in Sources */,
				3344297F23FB22CC00F0E345 /* StockDetailsVC.swift in Sources */,
				3361AB44240C4DBE004E9817 /* Page3View.swift in Sources */,
				33CA31B823E8AB56009AA3DF /* UILayoutGuide+extensions.swift in Sources */,
				3361AB37240C4D37004E9817 /* Page1View.swift in Sources */,
				3361AB54240C4DFB004E9817 /* Page7View.swift in Sources */,
				33CA31BA23E8AC2D009AA3DF /* StockDescriptionView.swift in Sources */,
				3344298023FB22CC00F0E345 /* RecommendationVC.swift in Sources */,
				3361AB5A240C878F004E9817 /* UIView+extensions.swift in Sources */,
				334599F123F7C3D3002C13D5 /* UITextField+extensions.swift in Sources */,
				33A8BFC423ECA01B00056A0F /* UINavigationController+extensions.swift in Sources */,
				3344297E23FB22CC00F0E345 /* MyStocksVC.swift in Sources */,
				33EC1D86240344EF00B92645 /* User.swift in Sources */,
			);
			runOnlyForDeploymentPostprocessing = 0;
		};
/* End PBXSourcesBuildPhase section */

/* Begin PBXVariantGroup section */
		3309911D23E213DA00880CC5 /* Main.storyboard */ = {
			isa = PBXVariantGroup;
			children = (
				3309911E23E213DA00880CC5 /* Base */,
			);
			name = Main.storyboard;
			sourceTree = "<group>";
		};
		3309912223E213DC00880CC5 /* LaunchScreen.storyboard */ = {
			isa = PBXVariantGroup;
			children = (
				3309912323E213DC00880CC5 /* Base */,
			);
			name = LaunchScreen.storyboard;
			sourceTree = "<group>";
		};
/* End PBXVariantGroup section */

/* Begin XCBuildConfiguration section */
		3309912623E213DC00880CC5 /* Debug */ = {
			isa = XCBuildConfiguration;
			buildSettings = {
				ALWAYS_SEARCH_USER_PATHS = NO;
				CLANG_ANALYZER_NONNULL = YES;
				CLANG_ANALYZER_NUMBER_OBJECT_CONVERSION = YES_AGGRESSIVE;
				CLANG_CXX_LANGUAGE_STANDARD = "gnu++14";
				CLANG_CXX_LIBRARY = "libc++";
				CLANG_ENABLE_MODULES = YES;
				CLANG_ENABLE_OBJC_ARC = YES;
				CLANG_ENABLE_OBJC_WEAK = YES;
				CLANG_WARN_BLOCK_CAPTURE_AUTORELEASING = YES;
				CLANG_WARN_BOOL_CONVERSION = YES;
				CLANG_WARN_COMMA = YES;
				CLANG_WARN_CONSTANT_CONVERSION = YES;
				CLANG_WARN_DEPRECATED_OBJC_IMPLEMENTATIONS = YES;
				CLANG_WARN_DIRECT_OBJC_ISA_USAGE = YES_ERROR;
				CLANG_WARN_DOCUMENTATION_COMMENTS = YES;
				CLANG_WARN_EMPTY_BODY = YES;
				CLANG_WARN_ENUM_CONVERSION = YES;
				CLANG_WARN_INFINITE_RECURSION = YES;
				CLANG_WARN_INT_CONVERSION = YES;
				CLANG_WARN_NON_LITERAL_NULL_CONVERSION = YES;
				CLANG_WARN_OBJC_IMPLICIT_RETAIN_SELF = YES;
				CLANG_WARN_OBJC_LITERAL_CONVERSION = YES;
				CLANG_WARN_OBJC_ROOT_CLASS = YES_ERROR;
				CLANG_WARN_RANGE_LOOP_ANALYSIS = YES;
				CLANG_WARN_STRICT_PROTOTYPES = YES;
				CLANG_WARN_SUSPICIOUS_MOVE = YES;
				CLANG_WARN_UNGUARDED_AVAILABILITY = YES_AGGRESSIVE;
				CLANG_WARN_UNREACHABLE_CODE = YES;
				CLANG_WARN__DUPLICATE_METHOD_MATCH = YES;
				COPY_PHASE_STRIP = NO;
				DEBUG_INFORMATION_FORMAT = dwarf;
				ENABLE_STRICT_OBJC_MSGSEND = YES;
				ENABLE_TESTABILITY = YES;
				GCC_C_LANGUAGE_STANDARD = gnu11;
				GCC_DYNAMIC_NO_PIC = NO;
				GCC_NO_COMMON_BLOCKS = YES;
				GCC_OPTIMIZATION_LEVEL = 0;
				GCC_PREPROCESSOR_DEFINITIONS = (
					"DEBUG=1",
					"$(inherited)",
				);
				GCC_WARN_64_TO_32_BIT_CONVERSION = YES;
				GCC_WARN_ABOUT_RETURN_TYPE = YES_ERROR;
				GCC_WARN_UNDECLARED_SELECTOR = YES;
				GCC_WARN_UNINITIALIZED_AUTOS = YES_AGGRESSIVE;
				GCC_WARN_UNUSED_FUNCTION = YES;
				GCC_WARN_UNUSED_VARIABLE = YES;
				IPHONEOS_DEPLOYMENT_TARGET = 13.2;
				MTL_ENABLE_DEBUG_INFO = INCLUDE_SOURCE;
				MTL_FAST_MATH = YES;
				ONLY_ACTIVE_ARCH = YES;
				SDKROOT = iphoneos;
				SWIFT_ACTIVE_COMPILATION_CONDITIONS = DEBUG;
				SWIFT_OPTIMIZATION_LEVEL = "-Onone";
			};
			name = Debug;
		};
		3309912723E213DC00880CC5 /* Release */ = {
			isa = XCBuildConfiguration;
			buildSettings = {
				ALWAYS_SEARCH_USER_PATHS = NO;
				CLANG_ANALYZER_NONNULL = YES;
				CLANG_ANALYZER_NUMBER_OBJECT_CONVERSION = YES_AGGRESSIVE;
				CLANG_CXX_LANGUAGE_STANDARD = "gnu++14";
				CLANG_CXX_LIBRARY = "libc++";
				CLANG_ENABLE_MODULES = YES;
				CLANG_ENABLE_OBJC_ARC = YES;
				CLANG_ENABLE_OBJC_WEAK = YES;
				CLANG_WARN_BLOCK_CAPTURE_AUTORELEASING = YES;
				CLANG_WARN_BOOL_CONVERSION = YES;
				CLANG_WARN_COMMA = YES;
				CLANG_WARN_CONSTANT_CONVERSION = YES;
				CLANG_WARN_DEPRECATED_OBJC_IMPLEMENTATIONS = YES;
				CLANG_WARN_DIRECT_OBJC_ISA_USAGE = YES_ERROR;
				CLANG_WARN_DOCUMENTATION_COMMENTS = YES;
				CLANG_WARN_EMPTY_BODY = YES;
				CLANG_WARN_ENUM_CONVERSION = YES;
				CLANG_WARN_INFINITE_RECURSION = YES;
				CLANG_WARN_INT_CONVERSION = YES;
				CLANG_WARN_NON_LITERAL_NULL_CONVERSION = YES;
				CLANG_WARN_OBJC_IMPLICIT_RETAIN_SELF = YES;
				CLANG_WARN_OBJC_LITERAL_CONVERSION = YES;
				CLANG_WARN_OBJC_ROOT_CLASS = YES_ERROR;
				CLANG_WARN_RANGE_LOOP_ANALYSIS = YES;
				CLANG_WARN_STRICT_PROTOTYPES = YES;
				CLANG_WARN_SUSPICIOUS_MOVE = YES;
				CLANG_WARN_UNGUARDED_AVAILABILITY = YES_AGGRESSIVE;
				CLANG_WARN_UNREACHABLE_CODE = YES;
				CLANG_WARN__DUPLICATE_METHOD_MATCH = YES;
				COPY_PHASE_STRIP = NO;
				DEBUG_INFORMATION_FORMAT = "dwarf-with-dsym";
				ENABLE_NS_ASSERTIONS = NO;
				ENABLE_STRICT_OBJC_MSGSEND = YES;
				GCC_C_LANGUAGE_STANDARD = gnu11;
				GCC_NO_COMMON_BLOCKS = YES;
				GCC_WARN_64_TO_32_BIT_CONVERSION = YES;
				GCC_WARN_ABOUT_RETURN_TYPE = YES_ERROR;
				GCC_WARN_UNDECLARED_SELECTOR = YES;
				GCC_WARN_UNINITIALIZED_AUTOS = YES_AGGRESSIVE;
				GCC_WARN_UNUSED_FUNCTION = YES;
				GCC_WARN_UNUSED_VARIABLE = YES;
				IPHONEOS_DEPLOYMENT_TARGET = 13.2;
				MTL_ENABLE_DEBUG_INFO = NO;
				MTL_FAST_MATH = YES;
				SDKROOT = iphoneos;
				SWIFT_COMPILATION_MODE = wholemodule;
				SWIFT_OPTIMIZATION_LEVEL = "-O";
				VALIDATE_PRODUCT = YES;
			};
			name = Release;
		};
		3309912923E213DC00880CC5 /* Debug */ = {
			isa = XCBuildConfiguration;
			baseConfigurationReference = D358281AD3236C67DFA9AAA5 /* Pods-ZeusApp.debug.xcconfig */;
			buildSettings = {
				ASSETCATALOG_COMPILER_APPICON_NAME = AppIcon;
				CODE_SIGN_STYLE = Automatic;
				DEVELOPMENT_TEAM = 9NY68F4K3P;
				INFOPLIST_FILE = ZeusApp/Info.plist;
				LD_RUNPATH_SEARCH_PATHS = (
					"$(inherited)",
					"@executable_path/Frameworks",
				);
				PRODUCT_BUNDLE_IDENTIFIER = SamuelFolledo.ZeusApp;
				PRODUCT_NAME = "$(TARGET_NAME)";
				SWIFT_VERSION = 5.0;
				TARGETED_DEVICE_FAMILY = "1,2";
			};
			name = Debug;
		};
		3309912A23E213DC00880CC5 /* Release */ = {
			isa = XCBuildConfiguration;
			baseConfigurationReference = B4F256AEDE0F2881E9A8CF95 /* Pods-ZeusApp.release.xcconfig */;
			buildSettings = {
				ASSETCATALOG_COMPILER_APPICON_NAME = AppIcon;
				CODE_SIGN_STYLE = Automatic;
				DEVELOPMENT_TEAM = 9NY68F4K3P;
				INFOPLIST_FILE = ZeusApp/Info.plist;
				LD_RUNPATH_SEARCH_PATHS = (
					"$(inherited)",
					"@executable_path/Frameworks",
				);
				PRODUCT_BUNDLE_IDENTIFIER = SamuelFolledo.ZeusApp;
				PRODUCT_NAME = "$(TARGET_NAME)";
				SWIFT_VERSION = 5.0;
				TARGETED_DEVICE_FAMILY = "1,2";
			};
			name = Release;
		};
/* End XCBuildConfiguration section */

/* Begin XCConfigurationList section */
		3309910F23E213DA00880CC5 /* Build configuration list for PBXProject "ZeusApp" */ = {
			isa = XCConfigurationList;
			buildConfigurations = (
				3309912623E213DC00880CC5 /* Debug */,
				3309912723E213DC00880CC5 /* Release */,
			);
			defaultConfigurationIsVisible = 0;
			defaultConfigurationName = Release;
		};
		3309912823E213DC00880CC5 /* Build configuration list for PBXNativeTarget "ZeusApp" */ = {
			isa = XCConfigurationList;
			buildConfigurations = (
				3309912923E213DC00880CC5 /* Debug */,
				3309912A23E213DC00880CC5 /* Release */,
			);
			defaultConfigurationIsVisible = 0;
			defaultConfigurationName = Release;
		};
/* End XCConfigurationList section */
	};
	rootObject = 3309910C23E213DA00880CC5 /* Project object */;
}
