// !$*UTF8*$!
{
	archiveVersion = 1;
	classes = {
	};
	objectVersion = 50;
	objects = {

/* Begin PBXBuildFile section */
		3309911823E213DA00880CC5 /* AppDelegate.swift in Sources */ = {isa = PBXBuildFile; fileRef = 3309911723E213DA00880CC5 /* AppDelegate.swift */; };
		3309911A23E213DA00880CC5 /* SceneDelegate.swift in Sources */ = {isa = PBXBuildFile; fileRef = 3309911923E213DA00880CC5 /* SceneDelegate.swift */; };
		3309911C23E213DA00880CC5 /* StocksVC.swift in Sources */ = {isa = PBXBuildFile; fileRef = 3309911B23E213DA00880CC5 /* StocksVC.swift */; };
		3309911F23E213DA00880CC5 /* Main.storyboard in Resources */ = {isa = PBXBuildFile; fileRef = 3309911D23E213DA00880CC5 /* Main.storyboard */; };
		3309912123E213DC00880CC5 /* Assets.xcassets in Resources */ = {isa = PBXBuildFile; fileRef = 3309912023E213DC00880CC5 /* Assets.xcassets */; };
		3309912423E213DC00880CC5 /* LaunchScreen.storyboard in Resources */ = {isa = PBXBuildFile; fileRef = 3309912223E213DC00880CC5 /* LaunchScreen.storyboard */; };
		3309913123E24BA800880CC5 /* Stock.swift in Sources */ = {isa = PBXBuildFile; fileRef = 3309913023E24BA800880CC5 /* Stock.swift */; };
		3309913323E24CE100880CC5 /* StockDetailsVC.swift in Sources */ = {isa = PBXBuildFile; fileRef = 3309913223E24CE100880CC5 /* StockDetailsVC.swift */; };
		332C9B2C23E3C9CC002BB57A /* StockCell.swift in Sources */ = {isa = PBXBuildFile; fileRef = 332C9B2B23E3C9CC002BB57A /* StockCell.swift */; };
		332C9B2E23E3CA51002BB57A /* Constants.swift in Sources */ = {isa = PBXBuildFile; fileRef = 332C9B2D23E3CA51002BB57A /* Constants.swift */; };
		33CA31A423E608A7009AA3DF /* StockCellView.xib in Resources */ = {isa = PBXBuildFile; fileRef = 33CA31A323E608A7009AA3DF /* StockCellView.xib */; };
		33CA31A623E608B6009AA3DF /* StockCellView.swift in Sources */ = {isa = PBXBuildFile; fileRef = 33CA31A523E608B6009AA3DF /* StockCellView.swift */; };
		33CA31A923E6286A009AA3DF /* UIColor+extensions.swift in Sources */ = {isa = PBXBuildFile; fileRef = 33CA31A823E6286A009AA3DF /* UIColor+extensions.swift */; };
/* End PBXBuildFile section */

/* Begin PBXFileReference section */
		3309911423E213DA00880CC5 /* ZeusApp.app */ = {isa = PBXFileReference; explicitFileType = wrapper.application; includeInIndex = 0; path = ZeusApp.app; sourceTree = BUILT_PRODUCTS_DIR; };
		3309911723E213DA00880CC5 /* AppDelegate.swift */ = {isa = PBXFileReference; lastKnownFileType = sourcecode.swift; path = AppDelegate.swift; sourceTree = "<group>"; };
		3309911923E213DA00880CC5 /* SceneDelegate.swift */ = {isa = PBXFileReference; lastKnownFileType = sourcecode.swift; path = SceneDelegate.swift; sourceTree = "<group>"; };
		3309911B23E213DA00880CC5 /* StocksVC.swift */ = {isa = PBXFileReference; lastKnownFileType = sourcecode.swift; path = StocksVC.swift; sourceTree = "<group>"; };
		3309911E23E213DA00880CC5 /* Base */ = {isa = PBXFileReference; lastKnownFileType = file.storyboard; name = Base; path = Base.lproj/Main.storyboard; sourceTree = "<group>"; };
		3309912023E213DC00880CC5 /* Assets.xcassets */ = {isa = PBXFileReference; lastKnownFileType = folder.assetcatalog; path = Assets.xcassets; sourceTree = "<group>"; };
		3309912323E213DC00880CC5 /* Base */ = {isa = PBXFileReference; lastKnownFileType = file.storyboard; name = Base; path = Base.lproj/LaunchScreen.storyboard; sourceTree = "<group>"; };
		3309912523E213DC00880CC5 /* Info.plist */ = {isa = PBXFileReference; lastKnownFileType = text.plist.xml; path = Info.plist; sourceTree = "<group>"; };
		3309913023E24BA800880CC5 /* Stock.swift */ = {isa = PBXFileReference; lastKnownFileType = sourcecode.swift; path = Stock.swift; sourceTree = "<group>"; };
		3309913223E24CE100880CC5 /* StockDetailsVC.swift */ = {isa = PBXFileReference; lastKnownFileType = sourcecode.swift; path = StockDetailsVC.swift; sourceTree = "<group>"; };
		332C9B2B23E3C9CC002BB57A /* StockCell.swift */ = {isa = PBXFileReference; lastKnownFileType = sourcecode.swift; path = StockCell.swift; sourceTree = "<group>"; };
		332C9B2D23E3CA51002BB57A /* Constants.swift */ = {isa = PBXFileReference; lastKnownFileType = sourcecode.swift; path = Constants.swift; sourceTree = "<group>"; };
		33CA31A323E608A7009AA3DF /* StockCellView.xib */ = {isa = PBXFileReference; lastKnownFileType = file.xib; path = StockCellView.xib; sourceTree = "<group>"; };
		33CA31A523E608B6009AA3DF /* StockCellView.swift */ = {isa = PBXFileReference; lastKnownFileType = sourcecode.swift; path = StockCellView.swift; sourceTree = "<group>"; };
		33CA31A823E6286A009AA3DF /* UIColor+extensions.swift */ = {isa = PBXFileReference; lastKnownFileType = sourcecode.swift; path = "UIColor+extensions.swift"; sourceTree = "<group>"; };
/* End PBXFileReference section */

/* Begin PBXFrameworksBuildPhase section */
		3309911123E213DA00880CC5 /* Frameworks */ = {
			isa = PBXFrameworksBuildPhase;
			buildActionMask = 2147483647;
			files = (
			);
			runOnlyForDeploymentPostprocessing = 0;
		};
/* End PBXFrameworksBuildPhase section */

/* Begin PBXGroup section */
		3309910B23E213DA00880CC5 = {
			isa = PBXGroup;
			children = (
				3309911623E213DA00880CC5 /* ZeusApp */,
				3309911523E213DA00880CC5 /* Products */,
			);
			sourceTree = "<group>";
		};
		3309911523E213DA00880CC5 /* Products */ = {
			isa = PBXGroup;
			children = (
				3309911423E213DA00880CC5 /* ZeusApp.app */,
			);
			name = Products;
			sourceTree = "<group>";
		};
		3309911623E213DA00880CC5 /* ZeusApp */ = {
			isa = PBXGroup;
			children = (
				3309911723E213DA00880CC5 /* AppDelegate.swift */,
				3309911923E213DA00880CC5 /* SceneDelegate.swift */,
				3309911D23E213DA00880CC5 /* Main.storyboard */,
				3309912B23E24AB800880CC5 /* ViewControllers */,
				3309912C23E24AEE00880CC5 /* Models */,
				3309912D23E24AF400880CC5 /* Views */,
				3309912E23E24B0B00880CC5 /* Helpers */,
				3309912023E213DC00880CC5 /* Assets.xcassets */,
				3309912223E213DC00880CC5 /* LaunchScreen.storyboard */,
				3309912523E213DC00880CC5 /* Info.plist */,
			);
			path = ZeusApp;
			sourceTree = "<group>";
		};
		3309912B23E24AB800880CC5 /* ViewControllers */ = {
			isa = PBXGroup;
			children = (
				3309911B23E213DA00880CC5 /* StocksVC.swift */,
				3309913223E24CE100880CC5 /* StockDetailsVC.swift */,
			);
			path = ViewControllers;
			sourceTree = "<group>";
		};
		3309912C23E24AEE00880CC5 /* Models */ = {
			isa = PBXGroup;
			children = (
				3309913023E24BA800880CC5 /* Stock.swift */,
			);
			path = Models;
			sourceTree = "<group>";
		};
		3309912D23E24AF400880CC5 /* Views */ = {
			isa = PBXGroup;
			children = (
				332C9B2B23E3C9CC002BB57A /* StockCell.swift */,
				33CA31A723E6098B009AA3DF /* StockCellView */,
			);
			path = Views;
			sourceTree = "<group>";
		};
		3309912E23E24B0B00880CC5 /* Helpers */ = {
			isa = PBXGroup;
			children = (
				3309912F23E24B1000880CC5 /* Extensions */,
				332C9B2D23E3CA51002BB57A /* Constants.swift */,
			);
			path = Helpers;
			sourceTree = "<group>";
		};
		3309912F23E24B1000880CC5 /* Extensions */ = {
			isa = PBXGroup;
			children = (
				33CA31A823E6286A009AA3DF /* UIColor+extensions.swift */,
			);
			path = Extensions;
			sourceTree = "<group>";
		};
		33CA31A723E6098B009AA3DF /* StockCellView */ = {
			isa = PBXGroup;
			children = (
				33CA31A323E608A7009AA3DF /* StockCellView.xib */,
				33CA31A523E608B6009AA3DF /* StockCellView.swift */,
			);
			path = StockCellView;
			sourceTree = "<group>";
		};
/* End PBXGroup section */

/* Begin PBXNativeTarget section */
		3309911323E213DA00880CC5 /* ZeusApp */ = {
			isa = PBXNativeTarget;
			buildConfigurationList = 3309912823E213DC00880CC5 /* Build configuration list for PBXNativeTarget "ZeusApp" */;
			buildPhases = (
				3309911023E213DA00880CC5 /* Sources */,
				3309911123E213DA00880CC5 /* Frameworks */,
				3309911223E213DA00880CC5 /* Resources */,
			);
			buildRules = (
			);
			dependencies = (
			);
			name = ZeusApp;
			productName = ZeusApp;
			productReference = 3309911423E213DA00880CC5 /* ZeusApp.app */;
			productType = "com.apple.product-type.application";
		};
/* End PBXNativeTarget section */

/* Begin PBXProject section */
		3309910C23E213DA00880CC5 /* Project object */ = {
			isa = PBXProject;
			attributes = {
				LastSwiftUpdateCheck = 1130;
				LastUpgradeCheck = 1130;
				ORGANIZATIONNAME = SamuelFolledo;
				TargetAttributes = {
					3309911323E213DA00880CC5 = {
						CreatedOnToolsVersion = 11.3.1;
					};
				};
			};
			buildConfigurationList = 3309910F23E213DA00880CC5 /* Build configuration list for PBXProject "ZeusApp" */;
			compatibilityVersion = "Xcode 9.3";
			developmentRegion = en;
			hasScannedForEncodings = 0;
			knownRegions = (
				en,
				Base,
			);
			mainGroup = 3309910B23E213DA00880CC5;
			productRefGroup = 3309911523E213DA00880CC5 /* Products */;
			projectDirPath = "";
			projectRoot = "";
			targets = (
				3309911323E213DA00880CC5 /* ZeusApp */,
			);
		};
/* End PBXProject section */

/* Begin PBXResourcesBuildPhase section */
		3309911223E213DA00880CC5 /* Resources */ = {
			isa = PBXResourcesBuildPhase;
			buildActionMask = 2147483647;
			files = (
				3309912423E213DC00880CC5 /* LaunchScreen.storyboard in Resources */,
				33CA31A423E608A7009AA3DF /* StockCellView.xib in Resources */,
				3309912123E213DC00880CC5 /* Assets.xcassets in Resources */,
				3309911F23E213DA00880CC5 /* Main.storyboard in Resources */,
			);
			runOnlyForDeploymentPostprocessing = 0;
		};
/* End PBXResourcesBuildPhase section */

/* Begin PBXSourcesBuildPhase section */
		3309911023E213DA00880CC5 /* Sources */ = {
			isa = PBXSourcesBuildPhase;
			buildActionMask = 2147483647;
			files = (
				3309911C23E213DA00880CC5 /* StocksVC.swift in Sources */,
				3309911823E213DA00880CC5 /* AppDelegate.swift in Sources */,
				332C9B2C23E3C9CC002BB57A /* StockCell.swift in Sources */,
				3309913123E24BA800880CC5 /* Stock.swift in Sources */,
				332C9B2E23E3CA51002BB57A /* Constants.swift in Sources */,
				33CA31A923E6286A009AA3DF /* UIColor+extensions.swift in Sources */,
				33CA31A623E608B6009AA3DF /* StockCellView.swift in Sources */,
				3309911A23E213DA00880CC5 /* SceneDelegate.swift in Sources */,
				3309913323E24CE100880CC5 /* StockDetailsVC.swift in Sources */,
			);
			runOnlyForDeploymentPostprocessing = 0;
		};
/* End PBXSourcesBuildPhase section */

/* Begin PBXVariantGroup section */
		3309911D23E213DA00880CC5 /* Main.storyboard */ = {
			isa = PBXVariantGroup;
			children = (
				3309911E23E213DA00880CC5 /* Base */,
			);
			name = Main.storyboard;
			sourceTree = "<group>";
		};
		3309912223E213DC00880CC5 /* LaunchScreen.storyboard */ = {
			isa = PBXVariantGroup;
			children = (
				3309912323E213DC00880CC5 /* Base */,
			);
			name = LaunchScreen.storyboard;
			sourceTree = "<group>";
		};
/* End PBXVariantGroup section */

/* Begin XCBuildConfiguration section */
		3309912623E213DC00880CC5 /* Debug */ = {
			isa = XCBuildConfiguration;
			buildSettings = {
				ALWAYS_SEARCH_USER_PATHS = NO;
				CLANG_ANALYZER_NONNULL = YES;
				CLANG_ANALYZER_NUMBER_OBJECT_CONVERSION = YES_AGGRESSIVE;
				CLANG_CXX_LANGUAGE_STANDARD = "gnu++14";
				CLANG_CXX_LIBRARY = "libc++";
				CLANG_ENABLE_MODULES = YES;
				CLANG_ENABLE_OBJC_ARC = YES;
				CLANG_ENABLE_OBJC_WEAK = YES;
				CLANG_WARN_BLOCK_CAPTURE_AUTORELEASING = YES;
				CLANG_WARN_BOOL_CONVERSION = YES;
				CLANG_WARN_COMMA = YES;
				CLANG_WARN_CONSTANT_CONVERSION = YES;
				CLANG_WARN_DEPRECATED_OBJC_IMPLEMENTATIONS = YES;
				CLANG_WARN_DIRECT_OBJC_ISA_USAGE = YES_ERROR;
				CLANG_WARN_DOCUMENTATION_COMMENTS = YES;
				CLANG_WARN_EMPTY_BODY = YES;
				CLANG_WARN_ENUM_CONVERSION = YES;
				CLANG_WARN_INFINITE_RECURSION = YES;
				CLANG_WARN_INT_CONVERSION = YES;
				CLANG_WARN_NON_LITERAL_NULL_CONVERSION = YES;
				CLANG_WARN_OBJC_IMPLICIT_RETAIN_SELF = YES;
				CLANG_WARN_OBJC_LITERAL_CONVERSION = YES;
				CLANG_WARN_OBJC_ROOT_CLASS = YES_ERROR;
				CLANG_WARN_RANGE_LOOP_ANALYSIS = YES;
				CLANG_WARN_STRICT_PROTOTYPES = YES;
				CLANG_WARN_SUSPICIOUS_MOVE = YES;
				CLANG_WARN_UNGUARDED_AVAILABILITY = YES_AGGRESSIVE;
				CLANG_WARN_UNREACHABLE_CODE = YES;
				CLANG_WARN__DUPLICATE_METHOD_MATCH = YES;
				COPY_PHASE_STRIP = NO;
				DEBUG_INFORMATION_FORMAT = dwarf;
				ENABLE_STRICT_OBJC_MSGSEND = YES;
				ENABLE_TESTABILITY = YES;
				GCC_C_LANGUAGE_STANDARD = gnu11;
				GCC_DYNAMIC_NO_PIC = NO;
				GCC_NO_COMMON_BLOCKS = YES;
				GCC_OPTIMIZATION_LEVEL = 0;
				GCC_PREPROCESSOR_DEFINITIONS = (
					"DEBUG=1",
					"$(inherited)",
				);
				GCC_WARN_64_TO_32_BIT_CONVERSION = YES;
				GCC_WARN_ABOUT_RETURN_TYPE = YES_ERROR;
				GCC_WARN_UNDECLARED_SELECTOR = YES;
				GCC_WARN_UNINITIALIZED_AUTOS = YES_AGGRESSIVE;
				GCC_WARN_UNUSED_FUNCTION = YES;
				GCC_WARN_UNUSED_VARIABLE = YES;
				IPHONEOS_DEPLOYMENT_TARGET = 13.2;
				MTL_ENABLE_DEBUG_INFO = INCLUDE_SOURCE;
				MTL_FAST_MATH = YES;
				ONLY_ACTIVE_ARCH = YES;
				SDKROOT = iphoneos;
				SWIFT_ACTIVE_COMPILATION_CONDITIONS = DEBUG;
				SWIFT_OPTIMIZATION_LEVEL = "-Onone";
			};
			name = Debug;
		};
		3309912723E213DC00880CC5 /* Release */ = {
			isa = XCBuildConfiguration;
			buildSettings = {
				ALWAYS_SEARCH_USER_PATHS = NO;
				CLANG_ANALYZER_NONNULL = YES;
				CLANG_ANALYZER_NUMBER_OBJECT_CONVERSION = YES_AGGRESSIVE;
				CLANG_CXX_LANGUAGE_STANDARD = "gnu++14";
				CLANG_CXX_LIBRARY = "libc++";
				CLANG_ENABLE_MODULES = YES;
				CLANG_ENABLE_OBJC_ARC = YES;
				CLANG_ENABLE_OBJC_WEAK = YES;
				CLANG_WARN_BLOCK_CAPTURE_AUTORELEASING = YES;
				CLANG_WARN_BOOL_CONVERSION = YES;
				CLANG_WARN_COMMA = YES;
				CLANG_WARN_CONSTANT_CONVERSION = YES;
				CLANG_WARN_DEPRECATED_OBJC_IMPLEMENTATIONS = YES;
				CLANG_WARN_DIRECT_OBJC_ISA_USAGE = YES_ERROR;
				CLANG_WARN_DOCUMENTATION_COMMENTS = YES;
				CLANG_WARN_EMPTY_BODY = YES;
				CLANG_WARN_ENUM_CONVERSION = YES;
				CLANG_WARN_INFINITE_RECURSION = YES;
				CLANG_WARN_INT_CONVERSION = YES;
				CLANG_WARN_NON_LITERAL_NULL_CONVERSION = YES;
				CLANG_WARN_OBJC_IMPLICIT_RETAIN_SELF = YES;
				CLANG_WARN_OBJC_LITERAL_CONVERSION = YES;
				CLANG_WARN_OBJC_ROOT_CLASS = YES_ERROR;
				CLANG_WARN_RANGE_LOOP_ANALYSIS = YES;
				CLANG_WARN_STRICT_PROTOTYPES = YES;
				CLANG_WARN_SUSPICIOUS_MOVE = YES;
				CLANG_WARN_UNGUARDED_AVAILABILITY = YES_AGGRESSIVE;
				CLANG_WARN_UNREACHABLE_CODE = YES;
				CLANG_WARN__DUPLICATE_METHOD_MATCH = YES;
				COPY_PHASE_STRIP = NO;
				DEBUG_INFORMATION_FORMAT = "dwarf-with-dsym";
				ENABLE_NS_ASSERTIONS = NO;
				ENABLE_STRICT_OBJC_MSGSEND = YES;
				GCC_C_LANGUAGE_STANDARD = gnu11;
				GCC_NO_COMMON_BLOCKS = YES;
				GCC_WARN_64_TO_32_BIT_CONVERSION = YES;
				GCC_WARN_ABOUT_RETURN_TYPE = YES_ERROR;
				GCC_WARN_UNDECLARED_SELECTOR = YES;
				GCC_WARN_UNINITIALIZED_AUTOS = YES_AGGRESSIVE;
				GCC_WARN_UNUSED_FUNCTION = YES;
				GCC_WARN_UNUSED_VARIABLE = YES;
				IPHONEOS_DEPLOYMENT_TARGET = 13.2;
				MTL_ENABLE_DEBUG_INFO = NO;
				MTL_FAST_MATH = YES;
				SDKROOT = iphoneos;
				SWIFT_COMPILATION_MODE = wholemodule;
				SWIFT_OPTIMIZATION_LEVEL = "-O";
				VALIDATE_PRODUCT = YES;
			};
			name = Release;
		};
		3309912923E213DC00880CC5 /* Debug */ = {
			isa = XCBuildConfiguration;
			buildSettings = {
				ASSETCATALOG_COMPILER_APPICON_NAME = AppIcon;
				CODE_SIGN_STYLE = Automatic;
				DEVELOPMENT_TEAM = 9NY68F4K3P;
				INFOPLIST_FILE = ZeusApp/Info.plist;
				LD_RUNPATH_SEARCH_PATHS = (
					"$(inherited)",
					"@executable_path/Frameworks",
				);
				PRODUCT_BUNDLE_IDENTIFIER = SamuelFolledo.ZeusApp;
				PRODUCT_NAME = "$(TARGET_NAME)";
				SWIFT_VERSION = 5.0;
				TARGETED_DEVICE_FAMILY = "1,2";
			};
			name = Debug;
		};
		3309912A23E213DC00880CC5 /* Release */ = {
			isa = XCBuildConfiguration;
			buildSettings = {
				ASSETCATALOG_COMPILER_APPICON_NAME = AppIcon;
				CODE_SIGN_STYLE = Automatic;
				DEVELOPMENT_TEAM = 9NY68F4K3P;
				INFOPLIST_FILE = ZeusApp/Info.plist;
				LD_RUNPATH_SEARCH_PATHS = (
					"$(inherited)",
					"@executable_path/Frameworks",
				);
				PRODUCT_BUNDLE_IDENTIFIER = SamuelFolledo.ZeusApp;
				PRODUCT_NAME = "$(TARGET_NAME)";
				SWIFT_VERSION = 5.0;
				TARGETED_DEVICE_FAMILY = "1,2";
			};
			name = Release;
		};
/* End XCBuildConfiguration section */

/* Begin XCConfigurationList section */
		3309910F23E213DA00880CC5 /* Build configuration list for PBXProject "ZeusApp" */ = {
			isa = XCConfigurationList;
			buildConfigurations = (
				3309912623E213DC00880CC5 /* Debug */,
				3309912723E213DC00880CC5 /* Release */,
			);
			defaultConfigurationIsVisible = 0;
			defaultConfigurationName = Release;
		};
		3309912823E213DC00880CC5 /* Build configuration list for PBXNativeTarget "ZeusApp" */ = {
			isa = XCConfigurationList;
			buildConfigurations = (
				3309912923E213DC00880CC5 /* Debug */,
				3309912A23E213DC00880CC5 /* Release */,
			);
			defaultConfigurationIsVisible = 0;
			defaultConfigurationName = Release;
		};
/* End XCConfigurationList section */
	};
	rootObject = 3309910C23E213DA00880CC5 /* Project object */;
}
